
Microsoft Visual Studio Solution File, Format Version 12.00
#
Project("{2150E333-8FDC-42A3-9474-1A3956D46DE8}") = "gRPC", "gRPC", "{5E149530-7D0B-4092-8E2B-F8799992110B}"
EndProject
Project("{2150E333-8FDC-42A3-9474-1A3956D46DE8}") = "RequestResponse", "RequestResponse", "{E0C99794-1CC2-453D-B094-74397A1FBE79}"
EndProject
Project("{2150E333-8FDC-42A3-9474-1A3956D46DE8}") = "HTTP", "HTTP", "{1BB06971-3C5C-4BB0-891C-412AC8E489D8}"
EndProject
Project("{FAE04EC0-301F-11D3-BF4B-00C04F79EFBC}") = "Grpc.Client", "RequestResponse\gRPC\Grpc.Client\Grpc.Client.csproj", "{73018153-FEBB-4AC2-ABE3-9F4200518FE0}"
EndProject
Project("{FAE04EC0-301F-11D3-BF4B-00C04F79EFBC}") = "Grpc.Server", "RequestResponse\gRPC\Grpc.Server\Grpc.Server.csproj", "{904167FC-2331-403B-8FE0-CCCC250939D3}"
EndProject
Project("{FAE04EC0-301F-11D3-BF4B-00C04F79EFBC}") = "Http.Client", "RequestResponse\HTTP\Http.Client\Http.Client.csproj", "{AC3D4A29-5F8F-4B96-82B3-B5492C95B22C}"
EndProject
Project("{FAE04EC0-301F-11D3-BF4B-00C04F79EFBC}") = "Http.Server", "RequestResponse\HTTP\Http.Server\Http.Server.csproj", "{6A512447-AAAC-4337-A7F9-657754168BA7}"
EndProject
Project("{2150E333-8FDC-42A3-9474-1A3956D46DE8}") = "PublishSubscribe", "PublishSubscribe", "{A58E46E2-8EA6-410D-8740-172A47B10AFF}"
EndProject
Project("{2150E333-8FDC-42A3-9474-1A3956D46DE8}") = "Webhook", "Webhook", "{707D8326-54F7-42A0-92C8-F710872D3EC4}"
EndProject
Project("{FAE04EC0-301F-11D3-BF4B-00C04F79EFBC}") = "Webhook.Server", "PublishSubscribe\Webhook\Webhook.Server\Webhook.Server.csproj", "{315A12BA-F1F5-4A26-A12A-567B521539DC}"
EndProject
Project("{FAE04EC0-301F-11D3-BF4B-00C04F79EFBC}") = "Webhook.Client", "PublishSubscribe\Webhook\Webhook.Client\Webhook.Client.csproj", "{CBB4F72C-A258-4FE3-B5AA-08E8A4237C4B}"
EndProject
Project("{2150E333-8FDC-42A3-9474-1A3956D46DE8}") = "MessageBroker", "MessageBroker", "{86F183F6-F778-42BE-A4F1-19BB8FB02453}"
EndProject
Project("{FAE04EC0-301F-11D3-BF4B-00C04F79EFBC}") = "MessageBroker.Consumer", "PublishSubscribe\MessageBroker\MessageBroker.Consumer\MessageBroker.Consumer.csproj", "{3C5D100B-366F-4439-9D1F-8ABE01730CE1}"
EndProject
Project("{FAE04EC0-301F-11D3-BF4B-00C04F79EFBC}") = "MessageBroker.Contracts", "PublishSubscribe\MessageBroker\MessageBroker.Contracts\MessageBroker.Contracts.csproj", "{462CE59B-4EEE-4988-9CEC-D9D6E2976CF9}"
EndProject
Project("{FAE04EC0-301F-11D3-BF4B-00C04F79EFBC}") = "MessageBroker.Producer", "PublishSubscribe\MessageBroker\MessageBroker.Producer\MessageBroker.Producer.csproj", "{4A467A5B-3BE3-496D-A590-C023FA440617}"
EndProject
Project("{2150E333-8FDC-42A3-9474-1A3956D46DE8}") = "LongPolling", "LongPolling", "{89F63F4F-4DA3-49EA-AE49-26A298CA1AD8}"
EndProject
Project("{FAE04EC0-301F-11D3-BF4B-00C04F79EFBC}") = "LongPolling.Server", "LongPolling\LongPolling.Server\LongPolling.Server.csproj", "{CA69016B-9E1C-462A-A2EF-B4FED0CE5573}"
EndProject
Project("{2150E333-8FDC-42A3-9474-1A3956D46DE8}") = "ServerSentEvents", "ServerSentEvents", "{DF6484FD-32AA-4999-A636-6DD2D749CA3E}"
EndProject
Project("{FAE04EC0-301F-11D3-BF4B-00C04F79EFBC}") = "ServerSentEvents.Server", "ServerSentEvents\ServerSentEvents.Server\ServerSentEvents.Server.csproj", "{2BB9F599-C943-49B5-AF78-EF9D4791D033}"
EndProject
Global
	GlobalSection(SolutionConfigurationPlatforms) = preSolution
		Debug|Any CPU = Debug|Any CPU
		Release|Any CPU = Release|Any CPU
	EndGlobalSection
	GlobalSection(ProjectConfigurationPlatforms) = postSolution
		{73018153-FEBB-4AC2-ABE3-9F4200518FE0}.Debug|Any CPU.ActiveCfg = Debug|Any CPU
		{73018153-FEBB-4AC2-ABE3-9F4200518FE0}.Debug|Any CPU.Build.0 = Debug|Any CPU
		{73018153-FEBB-4AC2-ABE3-9F4200518FE0}.Release|Any CPU.ActiveCfg = Release|Any CPU
		{73018153-FEBB-4AC2-ABE3-9F4200518FE0}.Release|Any CPU.Build.0 = Release|Any CPU
		{904167FC-2331-403B-8FE0-CCCC250939D3}.Debug|Any CPU.ActiveCfg = Debug|Any CPU
		{904167FC-2331-403B-8FE0-CCCC250939D3}.Debug|Any CPU.Build.0 = Debug|Any CPU
		{904167FC-2331-403B-8FE0-CCCC250939D3}.Release|Any CPU.ActiveCfg = Release|Any CPU
		{904167FC-2331-403B-8FE0-CCCC250939D3}.Release|Any CPU.Build.0 = Release|Any CPU
		{AC3D4A29-5F8F-4B96-82B3-B5492C95B22C}.Debug|Any CPU.ActiveCfg = Debug|Any CPU
		{AC3D4A29-5F8F-4B96-82B3-B5492C95B22C}.Debug|Any CPU.Build.0 = Debug|Any CPU
		{AC3D4A29-5F8F-4B96-82B3-B5492C95B22C}.Release|Any CPU.ActiveCfg = Release|Any CPU
		{AC3D4A29-5F8F-4B96-82B3-B5492C95B22C}.Release|Any CPU.Build.0 = Release|Any CPU
		{6A512447-AAAC-4337-A7F9-657754168BA7}.Debug|Any CPU.ActiveCfg = Debug|Any CPU
		{6A512447-AAAC-4337-A7F9-657754168BA7}.Debug|Any CPU.Build.0 = Debug|Any CPU
		{6A512447-AAAC-4337-A7F9-657754168BA7}.Release|Any CPU.ActiveCfg = Release|Any CPU
		{6A512447-AAAC-4337-A7F9-657754168BA7}.Release|Any CPU.Build.0 = Release|Any CPU
		{315A12BA-F1F5-4A26-A12A-567B521539DC}.Debug|Any CPU.ActiveCfg = Debug|Any CPU
		{315A12BA-F1F5-4A26-A12A-567B521539DC}.Debug|Any CPU.Build.0 = Debug|Any CPU
		{315A12BA-F1F5-4A26-A12A-567B521539DC}.Release|Any CPU.ActiveCfg = Release|Any CPU
		{315A12BA-F1F5-4A26-A12A-567B521539DC}.Release|Any CPU.Build.0 = Release|Any CPU
		{CBB4F72C-A258-4FE3-B5AA-08E8A4237C4B}.Debug|Any CPU.ActiveCfg = Debug|Any CPU
		{CBB4F72C-A258-4FE3-B5AA-08E8A4237C4B}.Debug|Any CPU.Build.0 = Debug|Any CPU
		{CBB4F72C-A258-4FE3-B5AA-08E8A4237C4B}.Release|Any CPU.ActiveCfg = Release|Any CPU
		{CBB4F72C-A258-4FE3-B5AA-08E8A4237C4B}.Release|Any CPU.Build.0 = Release|Any CPU
		{3C5D100B-366F-4439-9D1F-8ABE01730CE1}.Debug|Any CPU.ActiveCfg = Debug|Any CPU
		{3C5D100B-366F-4439-9D1F-8ABE01730CE1}.Debug|Any CPU.Build.0 = Debug|Any CPU
		{3C5D100B-366F-4439-9D1F-8ABE01730CE1}.Release|Any CPU.ActiveCfg = Release|Any CPU
		{3C5D100B-366F-4439-9D1F-8ABE01730CE1}.Release|Any CPU.Build.0 = Release|Any CPU
		{462CE59B-4EEE-4988-9CEC-D9D6E2976CF9}.Debug|Any CPU.ActiveCfg = Debug|Any CPU
		{462CE59B-4EEE-4988-9CEC-D9D6E2976CF9}.Debug|Any CPU.Build.0 = Debug|Any CPU
		{462CE59B-4EEE-4988-9CEC-D9D6E2976CF9}.Release|Any CPU.ActiveCfg = Release|Any CPU
		{462CE59B-4EEE-4988-9CEC-D9D6E2976CF9}.Release|Any CPU.Build.0 = Release|Any CPU
		{4A467A5B-3BE3-496D-A590-C023FA440617}.Debug|Any CPU.ActiveCfg = Debug|Any CPU
		{4A467A5B-3BE3-496D-A590-C023FA440617}.Debug|Any CPU.Build.0 = Debug|Any CPU
		{4A467A5B-3BE3-496D-A590-C023FA440617}.Release|Any CPU.ActiveCfg = Release|Any CPU
		{4A467A5B-3BE3-496D-A590-C023FA440617}.Release|Any CPU.Build.0 = Release|Any CPU
		{CA69016B-9E1C-462A-A2EF-B4FED0CE5573}.Debug|Any CPU.ActiveCfg = Debug|Any CPU
		{CA69016B-9E1C-462A-A2EF-B4FED0CE5573}.Debug|Any CPU.Build.0 = Debug|Any CPU
		{CA69016B-9E1C-462A-A2EF-B4FED0CE5573}.Release|Any CPU.ActiveCfg = Release|Any CPU
		{CA69016B-9E1C-462A-A2EF-B4FED0CE5573}.Release|Any CPU.Build.0 = Release|Any CPU
		{2BB9F599-C943-49B5-AF78-EF9D4791D033}.Debug|Any CPU.ActiveCfg = Debug|Any CPU
		{2BB9F599-C943-49B5-AF78-EF9D4791D033}.Debug|Any CPU.Build.0 = Debug|Any CPU
		{2BB9F599-C943-49B5-AF78-EF9D4791D033}.Release|Any CPU.ActiveCfg = Release|Any CPU
		{2BB9F599-C943-49B5-AF78-EF9D4791D033}.Release|Any CPU.Build.0 = Release|Any CPU
	EndGlobalSection
	GlobalSection(NestedProjects) = preSolution
		{5E149530-7D0B-4092-8E2B-F8799992110B} = {E0C99794-1CC2-453D-B094-74397A1FBE79}
		{1BB06971-3C5C-4BB0-891C-412AC8E489D8} = {E0C99794-1CC2-453D-B094-74397A1FBE79}
		{73018153-FEBB-4AC2-ABE3-9F4200518FE0} = {5E149530-7D0B-4092-8E2B-F8799992110B}
		{904167FC-2331-403B-8FE0-CCCC250939D3} = {5E149530-7D0B-4092-8E2B-F8799992110B}
		{AC3D4A29-5F8F-4B96-82B3-B5492C95B22C} = {1BB06971-3C5C-4BB0-891C-412AC8E489D8}
		{6A512447-AAAC-4337-A7F9-657754168BA7} = {1BB06971-3C5C-4BB0-891C-412AC8E489D8}
		{707D8326-54F7-42A0-92C8-F710872D3EC4} = {A58E46E2-8EA6-410D-8740-172A47B10AFF}
		{315A12BA-F1F5-4A26-A12A-567B521539DC} = {707D8326-54F7-42A0-92C8-F710872D3EC4}
		{CBB4F72C-A258-4FE3-B5AA-08E8A4237C4B} = {707D8326-54F7-42A0-92C8-F710872D3EC4}
		{86F183F6-F778-42BE-A4F1-19BB8FB02453} = {A58E46E2-8EA6-410D-8740-172A47B10AFF}
		{3C5D100B-366F-4439-9D1F-8ABE01730CE1} = {86F183F6-F778-42BE-A4F1-19BB8FB02453}
		{462CE59B-4EEE-4988-9CEC-D9D6E2976CF9} = {86F183F6-F778-42BE-A4F1-19BB8FB02453}
		{4A467A5B-3BE3-496D-A590-C023FA440617} = {86F183F6-F778-42BE-A4F1-19BB8FB02453}
		{CA69016B-9E1C-462A-A2EF-B4FED0CE5573} = {89F63F4F-4DA3-49EA-AE49-26A298CA1AD8}
		{2BB9F599-C943-49B5-AF78-EF9D4791D033} = {DF6484FD-32AA-4999-A636-6DD2D749CA3E}
	EndGlobalSection
EndGlobal
